// !$*UTF8*$!
{
	archiveVersion = 1;
	classes = {
	};
	objectVersion = 56;
	objects = {

/* Begin PBXBuildFile section */
		001C6F7E2CAFBC6900B03767 /* hearoApp.swift in Sources */ = {isa = PBXBuildFile; fileRef = 001C6F7D2CAFBC6900B03767 /* hearoApp.swift */; };
		001C6F802CAFBC6900B03767 /* ContentView.swift in Sources */ = {isa = PBXBuildFile; fileRef = 001C6F7F2CAFBC6900B03767 /* ContentView.swift */; };
		001C6F822CAFBC6900B03767 /* Item.swift in Sources */ = {isa = PBXBuildFile; fileRef = 001C6F812CAFBC6900B03767 /* Item.swift */; };
		001C6F842CAFBC6C00B03767 /* Assets.xcassets in Resources */ = {isa = PBXBuildFile; fileRef = 001C6F832CAFBC6C00B03767 /* Assets.xcassets */; };
		001C6F872CAFBC6C00B03767 /* Preview Assets.xcassets in Resources */ = {isa = PBXBuildFile; fileRef = 001C6F862CAFBC6C00B03767 /* Preview Assets.xcassets */; };
		001C6F912CAFBC6C00B03767 /* hearoTests.swift in Sources */ = {isa = PBXBuildFile; fileRef = 001C6F902CAFBC6C00B03767 /* hearoTests.swift */; };
		001C6F9B2CAFBC6C00B03767 /* hearoUITests.swift in Sources */ = {isa = PBXBuildFile; fileRef = 001C6F9A2CAFBC6C00B03767 /* hearoUITests.swift */; };
		001C6F9D2CAFBC6C00B03767 /* hearoUITestsLaunchTests.swift in Sources */ = {isa = PBXBuildFile; fileRef = 001C6F9C2CAFBC6C00B03767 /* hearoUITestsLaunchTests.swift */; };
/* End PBXBuildFile section */

/* Begin PBXContainerItemProxy section */
		001C6F8D2CAFBC6C00B03767 /* PBXContainerItemProxy */ = {
			isa = PBXContainerItemProxy;
			containerPortal = 001C6F722CAFBC6900B03767 /* Project object */;
			proxyType = 1;
			remoteGlobalIDString = 001C6F792CAFBC6900B03767;
			remoteInfo = hearo;
		};
		001C6F972CAFBC6C00B03767 /* PBXContainerItemProxy */ = {
			isa = PBXContainerItemProxy;
			containerPortal = 001C6F722CAFBC6900B03767 /* Project object */;
			proxyType = 1;
			remoteGlobalIDString = 001C6F792CAFBC6900B03767;
			remoteInfo = hearo;
		};
/* End PBXContainerItemProxy section */

/* Begin PBXFileReference section */
		001C6F7A2CAFBC6900B03767 /* hearo.app */ = {isa = PBXFileReference; explicitFileType = wrapper.application; includeInIndex = 0; path = hearo.app; sourceTree = BUILT_PRODUCTS_DIR; };
		001C6F7D2CAFBC6900B03767 /* hearoApp.swift */ = {isa = PBXFileReference; lastKnownFileType = sourcecode.swift; path = hearoApp.swift; sourceTree = "<group>"; };
		001C6F7F2CAFBC6900B03767 /* ContentView.swift */ = {isa = PBXFileReference; lastKnownFileType = sourcecode.swift; path = ContentView.swift; sourceTree = "<group>"; };
		001C6F812CAFBC6900B03767 /* Item.swift */ = {isa = PBXFileReference; lastKnownFileType = sourcecode.swift; path = Item.swift; sourceTree = "<group>"; };
		001C6F832CAFBC6C00B03767 /* Assets.xcassets */ = {isa = PBXFileReference; lastKnownFileType = folder.assetcatalog; path = Assets.xcassets; sourceTree = "<group>"; };
		001C6F862CAFBC6C00B03767 /* Preview Assets.xcassets */ = {isa = PBXFileReference; lastKnownFileType = folder.assetcatalog; path = "Preview Assets.xcassets"; sourceTree = "<group>"; };
		001C6F8C2CAFBC6C00B03767 /* hearoTests.xctest */ = {isa = PBXFileReference; explicitFileType = wrapper.cfbundle; includeInIndex = 0; path = hearoTests.xctest; sourceTree = BUILT_PRODUCTS_DIR; };
		001C6F902CAFBC6C00B03767 /* hearoTests.swift */ = {isa = PBXFileReference; lastKnownFileType = sourcecode.swift; path = hearoTests.swift; sourceTree = "<group>"; };
		001C6F962CAFBC6C00B03767 /* hearoUITests.xctest */ = {isa = PBXFileReference; explicitFileType = wrapper.cfbundle; includeInIndex = 0; path = hearoUITests.xctest; sourceTree = BUILT_PRODUCTS_DIR; };
		001C6F9A2CAFBC6C00B03767 /* hearoUITests.swift */ = {isa = PBXFileReference; lastKnownFileType = sourcecode.swift; path = hearoUITests.swift; sourceTree = "<group>"; };
		001C6F9C2CAFBC6C00B03767 /* hearoUITestsLaunchTests.swift */ = {isa = PBXFileReference; lastKnownFileType = sourcecode.swift; path = hearoUITestsLaunchTests.swift; sourceTree = "<group>"; };
/* End PBXFileReference section */

/* Begin PBXFrameworksBuildPhase section */
		001C6F772CAFBC6900B03767 /* Frameworks */ = {
			isa = PBXFrameworksBuildPhase;
			buildActionMask = 2147483647;
			files = (
			);
			runOnlyForDeploymentPostprocessing = 0;
		};
		001C6F892CAFBC6C00B03767 /* Frameworks */ = {
			isa = PBXFrameworksBuildPhase;
			buildActionMask = 2147483647;
			files = (
			);
			runOnlyForDeploymentPostprocessing = 0;
		};
		001C6F932CAFBC6C00B03767 /* Frameworks */ = {
			isa = PBXFrameworksBuildPhase;
			buildActionMask = 2147483647;
			files = (
			);
			runOnlyForDeploymentPostprocessing = 0;
		};
/* End PBXFrameworksBuildPhase section */

/* Begin PBXGroup section */
		001C6F712CAFBC6900B03767 = {
			isa = PBXGroup;
			children = (
				001C6F7C2CAFBC6900B03767 /* hearo */,
				001C6F8F2CAFBC6C00B03767 /* hearoTests */,
				001C6F992CAFBC6C00B03767 /* hearoUITests */,
				001C6F7B2CAFBC6900B03767 /* Products */,
			);
			sourceTree = "<group>";
		};
		001C6F7B2CAFBC6900B03767 /* Products */ = {
			isa = PBXGroup;
			children = (
				001C6F7A2CAFBC6900B03767 /* hearo.app */,
				001C6F8C2CAFBC6C00B03767 /* hearoTests.xctest */,
				001C6F962CAFBC6C00B03767 /* hearoUITests.xctest */,
			);
			name = Products;
			sourceTree = "<group>";
		};
		001C6F7C2CAFBC6900B03767 /* hearo */ = {
			isa = PBXGroup;
			children = (
				001C6F7D2CAFBC6900B03767 /* hearoApp.swift */,
				001C6F7F2CAFBC6900B03767 /* ContentView.swift */,
				001C6F812CAFBC6900B03767 /* Item.swift */,
				001C6F832CAFBC6C00B03767 /* Assets.xcassets */,
				001C6F852CAFBC6C00B03767 /* Preview Content */,
			);
			path = hearo;
			sourceTree = "<group>";
		};
		001C6F852CAFBC6C00B03767 /* Preview Content */ = {
			isa = PBXGroup;
			children = (
				001C6F862CAFBC6C00B03767 /* Preview Assets.xcassets */,
			);
			path = "Preview Content";
			sourceTree = "<group>";
		};
		001C6F8F2CAFBC6C00B03767 /* hearoTests */ = {
			isa = PBXGroup;
			children = (
				001C6F902CAFBC6C00B03767 /* hearoTests.swift */,
			);
			path = hearoTests;
			sourceTree = "<group>";
		};
		001C6F992CAFBC6C00B03767 /* hearoUITests */ = {
			isa = PBXGroup;
			children = (
				001C6F9A2CAFBC6C00B03767 /* hearoUITests.swift */,
				001C6F9C2CAFBC6C00B03767 /* hearoUITestsLaunchTests.swift */,
			);
			path = hearoUITests;
			sourceTree = "<group>";
		};
/* End PBXGroup section */

/* Begin PBXNativeTarget section */
		001C6F792CAFBC6900B03767 /* hearo */ = {
			isa = PBXNativeTarget;
			buildConfigurationList = 001C6FA02CAFBC6C00B03767 /* Build configuration list for PBXNativeTarget "hearo" */;
			buildPhases = (
				001C6F762CAFBC6900B03767 /* Sources */,
				001C6F772CAFBC6900B03767 /* Frameworks */,
				001C6F782CAFBC6900B03767 /* Resources */,
			);
			buildRules = (
			);
			dependencies = (
			);
			name = hearo;
			productName = hearo;
			productReference = 001C6F7A2CAFBC6900B03767 /* hearo.app */;
			productType = "com.apple.product-type.application";
		};
		001C6F8B2CAFBC6C00B03767 /* hearoTests */ = {
			isa = PBXNativeTarget;
			buildConfigurationList = 001C6FA32CAFBC6C00B03767 /* Build configuration list for PBXNativeTarget "hearoTests" */;
			buildPhases = (
				001C6F882CAFBC6C00B03767 /* Sources */,
				001C6F892CAFBC6C00B03767 /* Frameworks */,
				001C6F8A2CAFBC6C00B03767 /* Resources */,
			);
			buildRules = (
			);
			dependencies = (
				001C6F8E2CAFBC6C00B03767 /* PBXTargetDependency */,
			);
			name = hearoTests;
			productName = hearoTests;
			productReference = 001C6F8C2CAFBC6C00B03767 /* hearoTests.xctest */;
			productType = "com.apple.product-type.bundle.unit-test";
		};
		001C6F952CAFBC6C00B03767 /* hearoUITests */ = {
			isa = PBXNativeTarget;
			buildConfigurationList = 001C6FA62CAFBC6C00B03767 /* Build configuration list for PBXNativeTarget "hearoUITests" */;
			buildPhases = (
				001C6F922CAFBC6C00B03767 /* Sources */,
				001C6F932CAFBC6C00B03767 /* Frameworks */,
				001C6F942CAFBC6C00B03767 /* Resources */,
			);
			buildRules = (
			);
			dependencies = (
				001C6F982CAFBC6C00B03767 /* PBXTargetDependency */,
			);
			name = hearoUITests;
			productName = hearoUITests;
			productReference = 001C6F962CAFBC6C00B03767 /* hearoUITests.xctest */;
			productType = "com.apple.product-type.bundle.ui-testing";
		};
/* End PBXNativeTarget section */

/* Begin PBXProject section */
		001C6F722CAFBC6900B03767 /* Project object */ = {
			isa = PBXProject;
			attributes = {
				BuildIndependentTargetsInParallel = 1;
				LastSwiftUpdateCheck = 1540;
				LastUpgradeCheck = 1540;
				TargetAttributes = {
					001C6F792CAFBC6900B03767 = {
						CreatedOnToolsVersion = 15.4;
					};
					001C6F8B2CAFBC6C00B03767 = {
						CreatedOnToolsVersion = 15.4;
						TestTargetID = 001C6F792CAFBC6900B03767;
					};
					001C6F952CAFBC6C00B03767 = {
						CreatedOnToolsVersion = 15.4;
						TestTargetID = 001C6F792CAFBC6900B03767;
					};
				};
			};
			buildConfigurationList = 001C6F752CAFBC6900B03767 /* Build configuration list for PBXProject "hearo" */;
			compatibilityVersion = "Xcode 14.0";
			developmentRegion = en;
			hasScannedForEncodings = 0;
			knownRegions = (
				en,
				Base,
			);
			mainGroup = 001C6F712CAFBC6900B03767;
			productRefGroup = 001C6F7B2CAFBC6900B03767 /* Products */;
			projectDirPath = "";
			projectRoot = "";
			targets = (
				001C6F792CAFBC6900B03767 /* hearo */,
				001C6F8B2CAFBC6C00B03767 /* hearoTests */,
				001C6F952CAFBC6C00B03767 /* hearoUITests */,
			);
		};
/* End PBXProject section */

/* Begin PBXResourcesBuildPhase section */
		001C6F782CAFBC6900B03767 /* Resources */ = {
			isa = PBXResourcesBuildPhase;
			buildActionMask = 2147483647;
			files = (
				001C6F872CAFBC6C00B03767 /* Preview Assets.xcassets in Resources */,
				001C6F842CAFBC6C00B03767 /* Assets.xcassets in Resources */,
			);
			runOnlyForDeploymentPostprocessing = 0;
		};
		001C6F8A2CAFBC6C00B03767 /* Resources */ = {
			isa = PBXResourcesBuildPhase;
			buildActionMask = 2147483647;
			files = (
			);
			runOnlyForDeploymentPostprocessing = 0;
		};
		001C6F942CAFBC6C00B03767 /* Resources */ = {
			isa = PBXResourcesBuildPhase;
			buildActionMask = 2147483647;
			files = (
			);
			runOnlyForDeploymentPostprocessing = 0;
		};
/* End PBXResourcesBuildPhase section */

/* Begin PBXSourcesBuildPhase section */
		001C6F762CAFBC6900B03767 /* Sources */ = {
			isa = PBXSourcesBuildPhase;
			buildActionMask = 2147483647;
			files = (
				001C6F802CAFBC6900B03767 /* ContentView.swift in Sources */,
				001C6F822CAFBC6900B03767 /* Item.swift in Sources */,
				001C6F7E2CAFBC6900B03767 /* hearoApp.swift in Sources */,
			);
			runOnlyForDeploymentPostprocessing = 0;
		};
		001C6F882CAFBC6C00B03767 /* Sources */ = {
			isa = PBXSourcesBuildPhase;
			buildActionMask = 2147483647;
			files = (
				001C6F912CAFBC6C00B03767 /* hearoTests.swift in Sources */,
			);
			runOnlyForDeploymentPostprocessing = 0;
		};
		001C6F922CAFBC6C00B03767 /* Sources */ = {
			isa = PBXSourcesBuildPhase;
			buildActionMask = 2147483647;
			files = (
				001C6F9D2CAFBC6C00B03767 /* hearoUITestsLaunchTests.swift in Sources */,
				001C6F9B2CAFBC6C00B03767 /* hearoUITests.swift in Sources */,
			);
			runOnlyForDeploymentPostprocessing = 0;
		};
/* End PBXSourcesBuildPhase section */

/* Begin PBXTargetDependency section */
		001C6F8E2CAFBC6C00B03767 /* PBXTargetDependency */ = {
			isa = PBXTargetDependency;
			target = 001C6F792CAFBC6900B03767 /* hearo */;
			targetProxy = 001C6F8D2CAFBC6C00B03767 /* PBXContainerItemProxy */;
		};
		001C6F982CAFBC6C00B03767 /* PBXTargetDependency */ = {
			isa = PBXTargetDependency;
			target = 001C6F792CAFBC6900B03767 /* hearo */;
			targetProxy = 001C6F972CAFBC6C00B03767 /* PBXContainerItemProxy */;
		};
/* End PBXTargetDependency section */

/* Begin XCBuildConfiguration section */
		001C6F9E2CAFBC6C00B03767 /* Debug */ = {
			isa = XCBuildConfiguration;
			buildSettings = {
				ALWAYS_SEARCH_USER_PATHS = NO;
				ASSETCATALOG_COMPILER_GENERATE_SWIFT_ASSET_SYMBOL_EXTENSIONS = YES;
				CLANG_ANALYZER_NONNULL = YES;
				CLANG_ANALYZER_NUMBER_OBJECT_CONVERSION = YES_AGGRESSIVE;
				CLANG_CXX_LANGUAGE_STANDARD = "gnu++20";
				CLANG_ENABLE_MODULES = YES;
				CLANG_ENABLE_OBJC_ARC = YES;
				CLANG_ENABLE_OBJC_WEAK = YES;
				CLANG_WARN_BLOCK_CAPTURE_AUTORELEASING = YES;
				CLANG_WARN_BOOL_CONVERSION = YES;
				CLANG_WARN_COMMA = YES;
				CLANG_WARN_CONSTANT_CONVERSION = YES;
				CLANG_WARN_DEPRECATED_OBJC_IMPLEMENTATIONS = YES;
				CLANG_WARN_DIRECT_OBJC_ISA_USAGE = YES_ERROR;
				CLANG_WARN_DOCUMENTATION_COMMENTS = YES;
				CLANG_WARN_EMPTY_BODY = YES;
				CLANG_WARN_ENUM_CONVERSION = YES;
				CLANG_WARN_INFINITE_RECURSION = YES;
				CLANG_WARN_INT_CONVERSION = YES;
				CLANG_WARN_NON_LITERAL_NULL_CONVERSION = YES;
				CLANG_WARN_OBJC_IMPLICIT_RETAIN_SELF = YES;
				CLANG_WARN_OBJC_LITERAL_CONVERSION = YES;
				CLANG_WARN_OBJC_ROOT_CLASS = YES_ERROR;
				CLANG_WARN_QUOTED_INCLUDE_IN_FRAMEWORK_HEADER = YES;
				CLANG_WARN_RANGE_LOOP_ANALYSIS = YES;
				CLANG_WARN_STRICT_PROTOTYPES = YES;
				CLANG_WARN_SUSPICIOUS_MOVE = YES;
				CLANG_WARN_UNGUARDED_AVAILABILITY = YES_AGGRESSIVE;
				CLANG_WARN_UNREACHABLE_CODE = YES;
				CLANG_WARN__DUPLICATE_METHOD_MATCH = YES;
				COPY_PHASE_STRIP = NO;
				DEBUG_INFORMATION_FORMAT = dwarf;
				ENABLE_STRICT_OBJC_MSGSEND = YES;
				ENABLE_TESTABILITY = YES;
				ENABLE_USER_SCRIPT_SANDBOXING = YES;
				GCC_C_LANGUAGE_STANDARD = gnu17;
				GCC_DYNAMIC_NO_PIC = NO;
				GCC_NO_COMMON_BLOCKS = YES;
				GCC_OPTIMIZATION_LEVEL = 0;
				GCC_PREPROCESSOR_DEFINITIONS = (
					"DEBUG=1",
					"$(inherited)",
				);
				GCC_WARN_64_TO_32_BIT_CONVERSION = YES;
				GCC_WARN_ABOUT_RETURN_TYPE = YES_ERROR;
				GCC_WARN_UNDECLARED_SELECTOR = YES;
				GCC_WARN_UNINITIALIZED_AUTOS = YES_AGGRESSIVE;
				GCC_WARN_UNUSED_FUNCTION = YES;
				GCC_WARN_UNUSED_VARIABLE = YES;
				IPHONEOS_DEPLOYMENT_TARGET = 17.5;
				LOCALIZATION_PREFERS_STRING_CATALOGS = YES;
				MTL_ENABLE_DEBUG_INFO = INCLUDE_SOURCE;
				MTL_FAST_MATH = YES;
				ONLY_ACTIVE_ARCH = YES;
				SDKROOT = iphoneos;
				SWIFT_ACTIVE_COMPILATION_CONDITIONS = "DEBUG $(inherited)";
				SWIFT_OPTIMIZATION_LEVEL = "-Onone";
			};
			name = Debug;
		};
		001C6F9F2CAFBC6C00B03767 /* Release */ = {
			isa = XCBuildConfiguration;
			buildSettings = {
				ALWAYS_SEARCH_USER_PATHS = NO;
				ASSETCATALOG_COMPILER_GENERATE_SWIFT_ASSET_SYMBOL_EXTENSIONS = YES;
				CLANG_ANALYZER_NONNULL = YES;
				CLANG_ANALYZER_NUMBER_OBJECT_CONVERSION = YES_AGGRESSIVE;
				CLANG_CXX_LANGUAGE_STANDARD = "gnu++20";
				CLANG_ENABLE_MODULES = YES;
				CLANG_ENABLE_OBJC_ARC = YES;
				CLANG_ENABLE_OBJC_WEAK = YES;
				CLANG_WARN_BLOCK_CAPTURE_AUTORELEASING = YES;
				CLANG_WARN_BOOL_CONVERSION = YES;
				CLANG_WARN_COMMA = YES;
				CLANG_WARN_CONSTANT_CONVERSION = YES;
				CLANG_WARN_DEPRECATED_OBJC_IMPLEMENTATIONS = YES;
				CLANG_WARN_DIRECT_OBJC_ISA_USAGE = YES_ERROR;
				CLANG_WARN_DOCUMENTATION_COMMENTS = YES;
				CLANG_WARN_EMPTY_BODY = YES;
				CLANG_WARN_ENUM_CONVERSION = YES;
				CLANG_WARN_INFINITE_RECURSION = YES;
				CLANG_WARN_INT_CONVERSION = YES;
				CLANG_WARN_NON_LITERAL_NULL_CONVERSION = YES;
				CLANG_WARN_OBJC_IMPLICIT_RETAIN_SELF = YES;
				CLANG_WARN_OBJC_LITERAL_CONVERSION = YES;
				CLANG_WARN_OBJC_ROOT_CLASS = YES_ERROR;
				CLANG_WARN_QUOTED_INCLUDE_IN_FRAMEWORK_HEADER = YES;
				CLANG_WARN_RANGE_LOOP_ANALYSIS = YES;
				CLANG_WARN_STRICT_PROTOTYPES = YES;
				CLANG_WARN_SUSPICIOUS_MOVE = YES;
				CLANG_WARN_UNGUARDED_AVAILABILITY = YES_AGGRESSIVE;
				CLANG_WARN_UNREACHABLE_CODE = YES;
				CLANG_WARN__DUPLICATE_METHOD_MATCH = YES;
				COPY_PHASE_STRIP = NO;
				DEBUG_INFORMATION_FORMAT = "dwarf-with-dsym";
				ENABLE_NS_ASSERTIONS = NO;
				ENABLE_STRICT_OBJC_MSGSEND = YES;
				ENABLE_USER_SCRIPT_SANDBOXING = YES;
				GCC_C_LANGUAGE_STANDARD = gnu17;
				GCC_NO_COMMON_BLOCKS = YES;
				GCC_WARN_64_TO_32_BIT_CONVERSION = YES;
				GCC_WARN_ABOUT_RETURN_TYPE = YES_ERROR;
				GCC_WARN_UNDECLARED_SELECTOR = YES;
				GCC_WARN_UNINITIALIZED_AUTOS = YES_AGGRESSIVE;
				GCC_WARN_UNUSED_FUNCTION = YES;
				GCC_WARN_UNUSED_VARIABLE = YES;
				IPHONEOS_DEPLOYMENT_TARGET = 17.5;
				LOCALIZATION_PREFERS_STRING_CATALOGS = YES;
				MTL_ENABLE_DEBUG_INFO = NO;
				MTL_FAST_MATH = YES;
				SDKROOT = iphoneos;
				SWIFT_COMPILATION_MODE = wholemodule;
				VALIDATE_PRODUCT = YES;
			};
			name = Release;
		};
		001C6FA12CAFBC6C00B03767 /* Debug */ = {
			isa = XCBuildConfiguration;
			buildSettings = {
				ASSETCATALOG_COMPILER_APPICON_NAME = AppIcon;
				ASSETCATALOG_COMPILER_GLOBAL_ACCENT_COLOR_NAME = AccentColor;
				CODE_SIGN_STYLE = Automatic;
				CURRENT_PROJECT_VERSION = 1;
				DEVELOPMENT_ASSET_PATHS = "\"hearo/Preview Content\"";
				DEVELOPMENT_TEAM = J5N8Y9F8Z8;
				ENABLE_PREVIEWS = YES;
				GENERATE_INFOPLIST_FILE = YES;
				INFOPLIST_KEY_UIApplicationSceneManifest_Generation = YES;
				INFOPLIST_KEY_UIApplicationSupportsIndirectInputEvents = YES;
				INFOPLIST_KEY_UILaunchScreen_Generation = YES;
				INFOPLIST_KEY_UISupportedInterfaceOrientations_iPad = "UIInterfaceOrientationPortrait UIInterfaceOrientationPortraitUpsideDown UIInterfaceOrientationLandscapeLeft UIInterfaceOrientationLandscapeRight";
				INFOPLIST_KEY_UISupportedInterfaceOrientations_iPhone = "UIInterfaceOrientationPortrait UIInterfaceOrientationLandscapeLeft UIInterfaceOrientationLandscapeRight";
				LD_RUNPATH_SEARCH_PATHS = (
					"$(inherited)",
					"@executable_path/Frameworks",
				);
				MARKETING_VERSION = 1.0;
				PRODUCT_BUNDLE_IDENTIFIER = pilgaaang.hearo;
				PRODUCT_NAME = "$(TARGET_NAME)";
				SWIFT_EMIT_LOC_STRINGS = YES;
				SWIFT_VERSION = 5.0;
				TARGETED_DEVICE_FAMILY = "1,2";
			};
			name = Debug;
		};
		001C6FA22CAFBC6C00B03767 /* Release */ = {
			isa = XCBuildConfiguration;
			buildSettings = {
				ASSETCATALOG_COMPILER_APPICON_NAME = AppIcon;
				ASSETCATALOG_COMPILER_GLOBAL_ACCENT_COLOR_NAME = AccentColor;
				CODE_SIGN_STYLE = Automatic;
				CURRENT_PROJECT_VERSION = 1;
				DEVELOPMENT_ASSET_PATHS = "\"hearo/Preview Content\"";
				DEVELOPMENT_TEAM = J5N8Y9F8Z8;
				ENABLE_PREVIEWS = YES;
				GENERATE_INFOPLIST_FILE = YES;
				INFOPLIST_KEY_UIApplicationSceneManifest_Generation = YES;
				INFOPLIST_KEY_UIApplicationSupportsIndirectInputEvents = YES;
				INFOPLIST_KEY_UILaunchScreen_Generation = YES;
				INFOPLIST_KEY_UISupportedInterfaceOrientations_iPad = "UIInterfaceOrientationPortrait UIInterfaceOrientationPortraitUpsideDown UIInterfaceOrientationLandscapeLeft UIInterfaceOrientationLandscapeRight";
				INFOPLIST_KEY_UISupportedInterfaceOrientations_iPhone = "UIInterfaceOrientationPortrait UIInterfaceOrientationLandscapeLeft UIInterfaceOrientationLandscapeRight";
				LD_RUNPATH_SEARCH_PATHS = (
					"$(inherited)",
					"@executable_path/Frameworks",
				);
				MARKETING_VERSION = 1.0;
				PRODUCT_BUNDLE_IDENTIFIER = pilgaaang.hearo;
				PRODUCT_NAME = "$(TARGET_NAME)";
				SWIFT_EMIT_LOC_STRINGS = YES;
				SWIFT_VERSION = 5.0;
				TARGETED_DEVICE_FAMILY = "1,2";
			};
			name = Release;
		};
		001C6FA42CAFBC6C00B03767 /* Debug */ = {
			isa = XCBuildConfiguration;
			buildSettings = {
				ALWAYS_EMBED_SWIFT_STANDARD_LIBRARIES = YES;
				BUNDLE_LOADER = "$(TEST_HOST)";
				CODE_SIGN_STYLE = Automatic;
				CURRENT_PROJECT_VERSION = 1;
				DEVELOPMENT_TEAM = J5N8Y9F8Z8;
				GENERATE_INFOPLIST_FILE = YES;
				IPHONEOS_DEPLOYMENT_TARGET = 17.5;
				MARKETING_VERSION = 1.0;
				PRODUCT_BUNDLE_IDENTIFIER = pilgaaang.hearoTests;
				PRODUCT_NAME = "$(TARGET_NAME)";
				SWIFT_EMIT_LOC_STRINGS = NO;
				SWIFT_VERSION = 5.0;
				TARGETED_DEVICE_FAMILY = "1,2";
				TEST_HOST = "$(BUILT_PRODUCTS_DIR)/hearo.app/$(BUNDLE_EXECUTABLE_FOLDER_PATH)/hearo";
			};
			name = Debug;
		};
		001C6FA52CAFBC6C00B03767 /* Release */ = {
			isa = XCBuildConfiguration;
			buildSettings = {
				ALWAYS_EMBED_SWIFT_STANDARD_LIBRARIES = YES;
				BUNDLE_LOADER = "$(TEST_HOST)";
				CODE_SIGN_STYLE = Automatic;
				CURRENT_PROJECT_VERSION = 1;
				DEVELOPMENT_TEAM = J5N8Y9F8Z8;
				GENERATE_INFOPLIST_FILE = YES;
				IPHONEOS_DEPLOYMENT_TARGET = 17.5;
				MARKETING_VERSION = 1.0;
				PRODUCT_BUNDLE_IDENTIFIER = pilgaaang.hearoTests;
				PRODUCT_NAME = "$(TARGET_NAME)";
				SWIFT_EMIT_LOC_STRINGS = NO;
				SWIFT_VERSION = 5.0;
				TARGETED_DEVICE_FAMILY = "1,2";
				TEST_HOST = "$(BUILT_PRODUCTS_DIR)/hearo.app/$(BUNDLE_EXECUTABLE_FOLDER_PATH)/hearo";
			};
			name = Release;
		};
		001C6FA72CAFBC6C00B03767 /* Debug */ = {
			isa = XCBuildConfiguration;
			buildSettings = {
				ALWAYS_EMBED_SWIFT_STANDARD_LIBRARIES = YES;
				CODE_SIGN_STYLE = Automatic;
				CURRENT_PROJECT_VERSION = 1;
				DEVELOPMENT_TEAM = J5N8Y9F8Z8;
				GENERATE_INFOPLIST_FILE = YES;
				MARKETING_VERSION = 1.0;
				PRODUCT_BUNDLE_IDENTIFIER = pilgaaang.hearoUITests;
				PRODUCT_NAME = "$(TARGET_NAME)";
				SWIFT_EMIT_LOC_STRINGS = NO;
				SWIFT_VERSION = 5.0;
				TARGETED_DEVICE_FAMILY = "1,2";
				TEST_TARGET_NAME = hearo;
			};
			name = Debug;
		};
		001C6FA82CAFBC6C00B03767 /* Release */ = {
			isa = XCBuildConfiguration;
			buildSettings = {
				ALWAYS_EMBED_SWIFT_STANDARD_LIBRARIES = YES;
				CODE_SIGN_STYLE = Automatic;
				CURRENT_PROJECT_VERSION = 1;
				DEVELOPMENT_TEAM = J5N8Y9F8Z8;
				GENERATE_INFOPLIST_FILE = YES;
				MARKETING_VERSION = 1.0;
				PRODUCT_BUNDLE_IDENTIFIER = pilgaaang.hearoUITests;
				PRODUCT_NAME = "$(TARGET_NAME)";
				SWIFT_EMIT_LOC_STRINGS = NO;
				SWIFT_VERSION = 5.0;
				TARGETED_DEVICE_FAMILY = "1,2";
				TEST_TARGET_NAME = hearo;
			};
			name = Release;
		};
/* End XCBuildConfiguration section */

/* Begin XCConfigurationList section */
		001C6F752CAFBC6900B03767 /* Build configuration list for PBXProject "hearo" */ = {
			isa = XCConfigurationList;
			buildConfigurations = (
				001C6F9E2CAFBC6C00B03767 /* Debug */,
				001C6F9F2CAFBC6C00B03767 /* Release */,
			);
			defaultConfigurationIsVisible = 0;
			defaultConfigurationName = Release;
		};
		001C6FA02CAFBC6C00B03767 /* Build configuration list for PBXNativeTarget "hearo" */ = {
			isa = XCConfigurationList;
			buildConfigurations = (
				001C6FA12CAFBC6C00B03767 /* Debug */,
				001C6FA22CAFBC6C00B03767 /* Release */,
			);
			defaultConfigurationIsVisible = 0;
			defaultConfigurationName = Release;
		};
		001C6FA32CAFBC6C00B03767 /* Build configuration list for PBXNativeTarget "hearoTests" */ = {
			isa = XCConfigurationList;
			buildConfigurations = (
				001C6FA42CAFBC6C00B03767 /* Debug */,
				001C6FA52CAFBC6C00B03767 /* Release */,
			);
			defaultConfigurationIsVisible = 0;
			defaultConfigurationName = Release;
		};
		001C6FA62CAFBC6C00B03767 /* Build configuration list for PBXNativeTarget "hearoUITests" */ = {
			isa = XCConfigurationList;
			buildConfigurations = (
				001C6FA72CAFBC6C00B03767 /* Debug */,
				001C6FA82CAFBC6C00B03767 /* Release */,
			);
			defaultConfigurationIsVisible = 0;
			defaultConfigurationName = Release;
		};
/* End XCConfigurationList section */
	};
	rootObject = 001C6F722CAFBC6900B03767 /* Project object */;
}
