// !$*UTF8*$!
{
	archiveVersion = 1;
	classes = {
	};
	objectVersion = 56;
	objects = {

/* Begin PBXBuildFile section */
		00078BDF2CAFC75900FB3F70 /* FinishView.swift in Sources */ = {isa = PBXBuildFile; fileRef = 00078BDE2CAFC75900FB3F70 /* FinishView.swift */; };
		00078BE12CAFC77000FB3F70 /* FinishViewModel.swift in Sources */ = {isa = PBXBuildFile; fileRef = 00078BE02CAFC77000FB3F70 /* FinishViewModel.swift */; };
		00078BE52CAFC79400FB3F70 /* SplashView.swift in Sources */ = {isa = PBXBuildFile; fileRef = 00078BE42CAFC79400FB3F70 /* SplashView.swift */; };
		00078BE72CAFC79E00FB3F70 /* OnboardingView.swift in Sources */ = {isa = PBXBuildFile; fileRef = 00078BE62CAFC79E00FB3F70 /* OnboardingView.swift */; };
		00078BE92CAFC7A800FB3F70 /* OnboardingViewModel.swift in Sources */ = {isa = PBXBuildFile; fileRef = 00078BE82CAFC7A800FB3F70 /* OnboardingViewModel.swift */; };
		00078BEB2CAFC7B000FB3F70 /* HomeView.swift in Sources */ = {isa = PBXBuildFile; fileRef = 00078BEA2CAFC7B000FB3F70 /* HomeView.swift */; };
		00078BED2CAFC7BA00FB3F70 /* HomeViewModel.swift in Sources */ = {isa = PBXBuildFile; fileRef = 00078BEC2CAFC7BA00FB3F70 /* HomeViewModel.swift */; };
		001C6F7E2CAFBC6900B03767 /* hearoApp.swift in Sources */ = {isa = PBXBuildFile; fileRef = 001C6F7D2CAFBC6900B03767 /* hearoApp.swift */; };
		001C6F842CAFBC6C00B03767 /* Assets.xcassets in Resources */ = {isa = PBXBuildFile; fileRef = 001C6F832CAFBC6C00B03767 /* Assets.xcassets */; };
		001C6F872CAFBC6C00B03767 /* Preview Assets.xcassets in Resources */ = {isa = PBXBuildFile; fileRef = 001C6F862CAFBC6C00B03767 /* Preview Assets.xcassets */; };
		007BEFCE2CB159AD00C0E9FD /* WorkingView.swift in Sources */ = {isa = PBXBuildFile; fileRef = 007BEFCD2CB159AD00C0E9FD /* WorkingView.swift */; };
		007BEFD02CB159BF00C0E9FD /* WorkingViewModel.swift in Sources */ = {isa = PBXBuildFile; fileRef = 007BEFCF2CB159BF00C0E9FD /* WorkingViewModel.swift */; };
		00A04EA72CB7CBB20031DECC /* SpoqaHanSansNeo_OTF_original in Resources */ = {isa = PBXBuildFile; fileRef = 00A04EA62CB7CBB20031DECC /* SpoqaHanSansNeo_OTF_original */; };
		64F73A252CBAC9F100D2A140 /* HornSoundDetector.swift in Sources */ = {isa = PBXBuildFile; fileRef = 64F73A242CBAC9F100D2A140 /* HornSoundDetector.swift */; };
		64F73A272CBAD1C000D2A140 /* SoundDetectorViewModel.swift in Sources */ = {isa = PBXBuildFile; fileRef = 64F73A262CBAD1C000D2A140 /* SoundDetectorViewModel.swift */; };
/* End PBXBuildFile section */

/* Begin PBXContainerItemProxy section */
		001C6F8D2CAFBC6C00B03767 /* PBXContainerItemProxy */ = {
			isa = PBXContainerItemProxy;
			containerPortal = 001C6F722CAFBC6900B03767 /* Project object */;
			proxyType = 1;
			remoteGlobalIDString = 001C6F792CAFBC6900B03767;
			remoteInfo = hearo;
		};
		001C6F972CAFBC6C00B03767 /* PBXContainerItemProxy */ = {
			isa = PBXContainerItemProxy;
			containerPortal = 001C6F722CAFBC6900B03767 /* Project object */;
			proxyType = 1;
			remoteGlobalIDString = 001C6F792CAFBC6900B03767;
			remoteInfo = hearo;
		};
/* End PBXContainerItemProxy section */

/* Begin PBXFileReference section */
		00078BDE2CAFC75900FB3F70 /* FinishView.swift */ = {isa = PBXFileReference; lastKnownFileType = sourcecode.swift; path = FinishView.swift; sourceTree = "<group>"; };
		00078BE02CAFC77000FB3F70 /* FinishViewModel.swift */ = {isa = PBXFileReference; lastKnownFileType = sourcecode.swift; path = FinishViewModel.swift; sourceTree = "<group>"; };
		00078BE42CAFC79400FB3F70 /* SplashView.swift */ = {isa = PBXFileReference; lastKnownFileType = sourcecode.swift; path = SplashView.swift; sourceTree = "<group>"; };
		00078BE62CAFC79E00FB3F70 /* OnboardingView.swift */ = {isa = PBXFileReference; lastKnownFileType = sourcecode.swift; path = OnboardingView.swift; sourceTree = "<group>"; };
		00078BE82CAFC7A800FB3F70 /* OnboardingViewModel.swift */ = {isa = PBXFileReference; lastKnownFileType = sourcecode.swift; path = OnboardingViewModel.swift; sourceTree = "<group>"; };
		00078BEA2CAFC7B000FB3F70 /* HomeView.swift */ = {isa = PBXFileReference; lastKnownFileType = sourcecode.swift; path = HomeView.swift; sourceTree = "<group>"; };
		00078BEC2CAFC7BA00FB3F70 /* HomeViewModel.swift */ = {isa = PBXFileReference; lastKnownFileType = sourcecode.swift; path = HomeViewModel.swift; sourceTree = "<group>"; };
		001C6F7A2CAFBC6900B03767 /* hearo.app */ = {isa = PBXFileReference; explicitFileType = wrapper.application; includeInIndex = 0; path = hearo.app; sourceTree = BUILT_PRODUCTS_DIR; };
		001C6F7D2CAFBC6900B03767 /* hearoApp.swift */ = {isa = PBXFileReference; lastKnownFileType = sourcecode.swift; path = hearoApp.swift; sourceTree = "<group>"; };
		001C6F832CAFBC6C00B03767 /* Assets.xcassets */ = {isa = PBXFileReference; lastKnownFileType = folder.assetcatalog; path = Assets.xcassets; sourceTree = "<group>"; };
		001C6F862CAFBC6C00B03767 /* Preview Assets.xcassets */ = {isa = PBXFileReference; lastKnownFileType = folder.assetcatalog; path = "Preview Assets.xcassets"; sourceTree = "<group>"; };
		001C6F8C2CAFBC6C00B03767 /* hearoTests.xctest */ = {isa = PBXFileReference; explicitFileType = wrapper.cfbundle; includeInIndex = 0; path = hearoTests.xctest; sourceTree = BUILT_PRODUCTS_DIR; };
		001C6F962CAFBC6C00B03767 /* hearoUITests.xctest */ = {isa = PBXFileReference; explicitFileType = wrapper.cfbundle; includeInIndex = 0; path = hearoUITests.xctest; sourceTree = BUILT_PRODUCTS_DIR; };
		007BEFCD2CB159AD00C0E9FD /* WorkingView.swift */ = {isa = PBXFileReference; lastKnownFileType = sourcecode.swift; path = WorkingView.swift; sourceTree = "<group>"; };
		007BEFCF2CB159BF00C0E9FD /* WorkingViewModel.swift */ = {isa = PBXFileReference; lastKnownFileType = sourcecode.swift; path = WorkingViewModel.swift; sourceTree = "<group>"; };
		00A04EA62CB7CBB20031DECC /* SpoqaHanSansNeo_OTF_original */ = {isa = PBXFileReference; lastKnownFileType = folder; path = SpoqaHanSansNeo_OTF_original; sourceTree = "<group>"; };
		00A04EA82CB7CC320031DECC /* Info.plist */ = {isa = PBXFileReference; lastKnownFileType = text.plist; path = Info.plist; sourceTree = "<group>"; };
		64F73A242CBAC9F100D2A140 /* HornSoundDetector.swift */ = {isa = PBXFileReference; lastKnownFileType = sourcecode.swift; name = HornSoundDetector.swift; path = hearo/Sources/Presentations/Working/ViewModel/HornSoundDetector.swift; sourceTree = SOURCE_ROOT; };
		64F73A262CBAD1C000D2A140 /* SoundDetectorViewModel.swift */ = {isa = PBXFileReference; lastKnownFileType = sourcecode.swift; name = SoundDetectorViewModel.swift; path = hearo/Sources/Presentations/Working/ViewModel/SoundDetectorViewModel.swift; sourceTree = SOURCE_ROOT; };
/* End PBXFileReference section */

/* Begin PBXFrameworksBuildPhase section */
		001C6F772CAFBC6900B03767 /* Frameworks */ = {
			isa = PBXFrameworksBuildPhase;
			buildActionMask = 2147483647;
			files = (
			);
			runOnlyForDeploymentPostprocessing = 0;
		};
		001C6F892CAFBC6C00B03767 /* Frameworks */ = {
			isa = PBXFrameworksBuildPhase;
			buildActionMask = 2147483647;
			files = (
			);
			runOnlyForDeploymentPostprocessing = 0;
		};
		001C6F932CAFBC6C00B03767 /* Frameworks */ = {
			isa = PBXFrameworksBuildPhase;
			buildActionMask = 2147483647;
			files = (
			);
			runOnlyForDeploymentPostprocessing = 0;
		};
/* End PBXFrameworksBuildPhase section */

/* Begin PBXGroup section */
		00078BD42CAFC6F200FB3F70 /* View */ = {
			isa = PBXGroup;
			children = (
				00078BE62CAFC79E00FB3F70 /* OnboardingView.swift */,
			);
			path = View;
			sourceTree = "<group>";
		};
		00078BD52CAFC6F200FB3F70 /* ViewModel */ = {
			isa = PBXGroup;
			children = (
				00078BE82CAFC7A800FB3F70 /* OnboardingViewModel.swift */,
			);
			path = ViewModel;
			sourceTree = "<group>";
		};
		00078BD72CAFC70100FB3F70 /* View */ = {
			isa = PBXGroup;
			children = (
				00078BE42CAFC79400FB3F70 /* SplashView.swift */,
			);
			path = View;
			sourceTree = "<group>";
		};
		00078BD82CAFC70C00FB3F70 /* ViewModel */ = {
			isa = PBXGroup;
			children = (
				00078BE02CAFC77000FB3F70 /* FinishViewModel.swift */,
			);
			path = ViewModel;
			sourceTree = "<group>";
		};
		00078BD92CAFC70C00FB3F70 /* View */ = {
			isa = PBXGroup;
			children = (
				00078BDE2CAFC75900FB3F70 /* FinishView.swift */,
			);
			path = View;
			sourceTree = "<group>";
		};
		00078BDA2CAFC71500FB3F70 /* ViewModel */ = {
			isa = PBXGroup;
			children = (
				00078BEC2CAFC7BA00FB3F70 /* HomeViewModel.swift */,
			);
			path = ViewModel;
			sourceTree = "<group>";
		};
		00078BDB2CAFC71500FB3F70 /* View */ = {
			isa = PBXGroup;
			children = (
				00078BEA2CAFC7B000FB3F70 /* HomeView.swift */,
			);
			path = View;
			sourceTree = "<group>";
		};
		001C6F712CAFBC6900B03767 = {
			isa = PBXGroup;
			children = (
				001C6F7C2CAFBC6900B03767 /* hearo */,
				001C6F7B2CAFBC6900B03767 /* Products */,
			);
			sourceTree = "<group>";
		};
		001C6F7B2CAFBC6900B03767 /* Products */ = {
			isa = PBXGroup;
			children = (
				001C6F7A2CAFBC6900B03767 /* hearo.app */,
				001C6F8C2CAFBC6C00B03767 /* hearoTests.xctest */,
				001C6F962CAFBC6C00B03767 /* hearoUITests.xctest */,
			);
			name = Products;
			sourceTree = "<group>";
		};
		001C6F7C2CAFBC6900B03767 /* hearo */ = {
			isa = PBXGroup;
			children = (
				00A04EA82CB7CC320031DECC /* Info.plist */,
				001C6FA92CAFC3D800B03767 /* Application */,
				001C6FAA2CAFC3E200B03767 /* Resources */,
				001C6FAB2CAFC3F900B03767 /* Sources */,
				001C6F852CAFBC6C00B03767 /* Preview Content */,
			);
			path = hearo;
			sourceTree = "<group>";
		};
		001C6F852CAFBC6C00B03767 /* Preview Content */ = {
			isa = PBXGroup;
			children = (
				001C6F862CAFBC6C00B03767 /* Preview Assets.xcassets */,
			);
			path = "Preview Content";
			sourceTree = "<group>";
		};
		001C6FA92CAFC3D800B03767 /* Application */ = {
			isa = PBXGroup;
			children = (
				001C6F7D2CAFBC6900B03767 /* hearoApp.swift */,
			);
			path = Application;
			sourceTree = "<group>";
		};
		001C6FAA2CAFC3E200B03767 /* Resources */ = {
			isa = PBXGroup;
			children = (
				00A04EA62CB7CBB20031DECC /* SpoqaHanSansNeo_OTF_original */,
				001C6F832CAFBC6C00B03767 /* Assets.xcassets */,
			);
			path = Resources;
			sourceTree = "<group>";
		};
		001C6FAB2CAFC3F900B03767 /* Sources */ = {
			isa = PBXGroup;
			children = (
				00A04EA32CB7CA510031DECC /* Helper */,
				00A04EA22CB7CA320031DECC /* Enums */,
				001C6FAC2CAFC44900B03767 /* Delegate */,
				001C6FAF2CAFC46200B03767 /* Extensions */,
				001C6FAE2CAFC45900B03767 /* Data */,
				001C6FAD2CAFC45100B03767 /* Presentations */,
			);
			path = Sources;
			sourceTree = "<group>";
		};
		001C6FAC2CAFC44900B03767 /* Delegate */ = {
			isa = PBXGroup;
			children = (
			);
			path = Delegate;
			sourceTree = "<group>";
		};
		001C6FAD2CAFC45100B03767 /* Presentations */ = {
			isa = PBXGroup;
			children = (
				001C6FB62CAFC56F00B03767 /* Splash */,
				001C6FB42CAFC50000B03767 /* OnBoarding */,
				001C6FB32CAFC4DF00B03767 /* Home */,
				007BEFCA2CB1598F00C0E9FD /* Working */,
				001C6FB72CAFC59F00B03767 /* Finish */,
			);
			path = Presentations;
			sourceTree = "<group>";
		};
		001C6FAE2CAFC45900B03767 /* Data */ = {
			isa = PBXGroup;
			children = (
			);
			path = Data;
			sourceTree = "<group>";
		};
		001C6FAF2CAFC46200B03767 /* Extensions */ = {
			isa = PBXGroup;
			children = (
			);
			path = Extensions;
			sourceTree = "<group>";
		};
		001C6FB32CAFC4DF00B03767 /* Home */ = {
			isa = PBXGroup;
			children = (
				00078BDB2CAFC71500FB3F70 /* View */,
				00078BDA2CAFC71500FB3F70 /* ViewModel */,
			);
			path = Home;
			sourceTree = "<group>";
		};
		001C6FB42CAFC50000B03767 /* OnBoarding */ = {
			isa = PBXGroup;
			children = (
				00078BD42CAFC6F200FB3F70 /* View */,
				00078BD52CAFC6F200FB3F70 /* ViewModel */,
			);
			path = OnBoarding;
			sourceTree = "<group>";
		};
		001C6FB62CAFC56F00B03767 /* Splash */ = {
			isa = PBXGroup;
			children = (
				00078BD72CAFC70100FB3F70 /* View */,
			);
			path = Splash;
			sourceTree = "<group>";
		};
		001C6FB72CAFC59F00B03767 /* Finish */ = {
			isa = PBXGroup;
			children = (
				00078BD92CAFC70C00FB3F70 /* View */,
				00078BD82CAFC70C00FB3F70 /* ViewModel */,
			);
			path = Finish;
			sourceTree = "<group>";
		};
		007BEFCA2CB1598F00C0E9FD /* Working */ = {
			isa = PBXGroup;
			children = (
				007BEFCC2CB1599B00C0E9FD /* View */,
				007BEFCB2CB1599500C0E9FD /* ViewModel */,
			);
			path = Working;
			sourceTree = "<group>";
		};
		007BEFCB2CB1599500C0E9FD /* ViewModel */ = {
			isa = PBXGroup;
			children = (
				007BEFCF2CB159BF00C0E9FD /* WorkingViewModel.swift */,
			);
			path = ViewModel;
			sourceTree = "<group>";
		};
		007BEFCC2CB1599B00C0E9FD /* View */ = {
			isa = PBXGroup;
			children = (
				007BEFCD2CB159AD00C0E9FD /* WorkingView.swift */,
			);
			path = View;
			sourceTree = "<group>";
		};
		00A04EA22CB7CA320031DECC /* Enums */ = {
			isa = PBXGroup;
			children = (
			);
			path = Enums;
			sourceTree = "<group>";
		};
		00A04EA32CB7CA510031DECC /* Helper */ = {
			isa = PBXGroup;
			children = (
				64F73A242CBAC9F100D2A140 /* HornSoundDetector.swift */,
				64F73A262CBAD1C000D2A140 /* SoundDetectorViewModel.swift */,
			);
			path = Helper;
			sourceTree = "<group>";
		};
/* End PBXGroup section */

/* Begin PBXNativeTarget section */
		001C6F792CAFBC6900B03767 /* hearo */ = {
			isa = PBXNativeTarget;
			buildConfigurationList = 001C6FA02CAFBC6C00B03767 /* Build configuration list for PBXNativeTarget "hearo" */;
			buildPhases = (
				001C6F762CAFBC6900B03767 /* Sources */,
				001C6F772CAFBC6900B03767 /* Frameworks */,
				001C6F782CAFBC6900B03767 /* Resources */,
			);
			buildRules = (
			);
			dependencies = (
			);
			name = hearo;
			productName = hearo;
			productReference = 001C6F7A2CAFBC6900B03767 /* hearo.app */;
			productType = "com.apple.product-type.application";
		};
		001C6F8B2CAFBC6C00B03767 /* hearoTests */ = {
			isa = PBXNativeTarget;
			buildConfigurationList = 001C6FA32CAFBC6C00B03767 /* Build configuration list for PBXNativeTarget "hearoTests" */;
			buildPhases = (
				001C6F882CAFBC6C00B03767 /* Sources */,
				001C6F892CAFBC6C00B03767 /* Frameworks */,
				001C6F8A2CAFBC6C00B03767 /* Resources */,
			);
			buildRules = (
			);
			dependencies = (
				001C6F8E2CAFBC6C00B03767 /* PBXTargetDependency */,
			);
			name = hearoTests;
			productName = hearoTests;
			productReference = 001C6F8C2CAFBC6C00B03767 /* hearoTests.xctest */;
			productType = "com.apple.product-type.bundle.unit-test";
		};
		001C6F952CAFBC6C00B03767 /* hearoUITests */ = {
			isa = PBXNativeTarget;
			buildConfigurationList = 001C6FA62CAFBC6C00B03767 /* Build configuration list for PBXNativeTarget "hearoUITests" */;
			buildPhases = (
				001C6F922CAFBC6C00B03767 /* Sources */,
				001C6F932CAFBC6C00B03767 /* Frameworks */,
				001C6F942CAFBC6C00B03767 /* Resources */,
			);
			buildRules = (
			);
			dependencies = (
				001C6F982CAFBC6C00B03767 /* PBXTargetDependency */,
			);
			name = hearoUITests;
			productName = hearoUITests;
			productReference = 001C6F962CAFBC6C00B03767 /* hearoUITests.xctest */;
			productType = "com.apple.product-type.bundle.ui-testing";
		};
/* End PBXNativeTarget section */

/* Begin PBXProject section */
		001C6F722CAFBC6900B03767 /* Project object */ = {
			isa = PBXProject;
			attributes = {
				BuildIndependentTargetsInParallel = 1;
				LastSwiftUpdateCheck = 1540;
				LastUpgradeCheck = 1540;
				TargetAttributes = {
					001C6F792CAFBC6900B03767 = {
						CreatedOnToolsVersion = 15.4;
					};
					001C6F8B2CAFBC6C00B03767 = {
						CreatedOnToolsVersion = 15.4;
						TestTargetID = 001C6F792CAFBC6900B03767;
					};
					001C6F952CAFBC6C00B03767 = {
						CreatedOnToolsVersion = 15.4;
						TestTargetID = 001C6F792CAFBC6900B03767;
					};
				};
			};
			buildConfigurationList = 001C6F752CAFBC6900B03767 /* Build configuration list for PBXProject "hearo" */;
			compatibilityVersion = "Xcode 14.0";
			developmentRegion = en;
			hasScannedForEncodings = 0;
			knownRegions = (
				en,
				Base,
			);
			mainGroup = 001C6F712CAFBC6900B03767;
			productRefGroup = 001C6F7B2CAFBC6900B03767 /* Products */;
			projectDirPath = "";
			projectRoot = "";
			targets = (
				001C6F792CAFBC6900B03767 /* hearo */,
				001C6F8B2CAFBC6C00B03767 /* hearoTests */,
				001C6F952CAFBC6C00B03767 /* hearoUITests */,
			);
		};
/* End PBXProject section */

/* Begin PBXResourcesBuildPhase section */
		001C6F782CAFBC6900B03767 /* Resources */ = {
			isa = PBXResourcesBuildPhase;
			buildActionMask = 2147483647;
			files = (
				001C6F872CAFBC6C00B03767 /* Preview Assets.xcassets in Resources */,
				001C6F842CAFBC6C00B03767 /* Assets.xcassets in Resources */,
				00A04EA72CB7CBB20031DECC /* SpoqaHanSansNeo_OTF_original in Resources */,
			);
			runOnlyForDeploymentPostprocessing = 0;
		};
		001C6F8A2CAFBC6C00B03767 /* Resources */ = {
			isa = PBXResourcesBuildPhase;
			buildActionMask = 2147483647;
			files = (
			);
			runOnlyForDeploymentPostprocessing = 0;
		};
		001C6F942CAFBC6C00B03767 /* Resources */ = {
			isa = PBXResourcesBuildPhase;
			buildActionMask = 2147483647;
			files = (
			);
			runOnlyForDeploymentPostprocessing = 0;
		};
/* End PBXResourcesBuildPhase section */

/* Begin PBXSourcesBuildPhase section */
		001C6F762CAFBC6900B03767 /* Sources */ = {
			isa = PBXSourcesBuildPhase;
			buildActionMask = 2147483647;
			files = (
				00078BED2CAFC7BA00FB3F70 /* HomeViewModel.swift in Sources */,
				00078BE12CAFC77000FB3F70 /* FinishViewModel.swift in Sources */,
				00078BEB2CAFC7B000FB3F70 /* HomeView.swift in Sources */,
				001C6F7E2CAFBC6900B03767 /* hearoApp.swift in Sources */,
				00078BE92CAFC7A800FB3F70 /* OnboardingViewModel.swift in Sources */,
				00078BDF2CAFC75900FB3F70 /* FinishView.swift in Sources */,
				64F73A272CBAD1C000D2A140 /* SoundDetectorViewModel.swift in Sources */,
				007BEFCE2CB159AD00C0E9FD /* WorkingView.swift in Sources */,
				007BEFD02CB159BF00C0E9FD /* WorkingViewModel.swift in Sources */,
				64F73A252CBAC9F100D2A140 /* HornSoundDetector.swift in Sources */,
				00078BE72CAFC79E00FB3F70 /* OnboardingView.swift in Sources */,
				00078BE52CAFC79400FB3F70 /* SplashView.swift in Sources */,
			);
			runOnlyForDeploymentPostprocessing = 0;
		};
		001C6F882CAFBC6C00B03767 /* Sources */ = {
			isa = PBXSourcesBuildPhase;
			buildActionMask = 2147483647;
			files = (
			);
			runOnlyForDeploymentPostprocessing = 0;
		};
		001C6F922CAFBC6C00B03767 /* Sources */ = {
			isa = PBXSourcesBuildPhase;
			buildActionMask = 2147483647;
			files = (
			);
			runOnlyForDeploymentPostprocessing = 0;
		};
/* End PBXSourcesBuildPhase section */

/* Begin PBXTargetDependency section */
		001C6F8E2CAFBC6C00B03767 /* PBXTargetDependency */ = {
			isa = PBXTargetDependency;
			target = 001C6F792CAFBC6900B03767 /* hearo */;
			targetProxy = 001C6F8D2CAFBC6C00B03767 /* PBXContainerItemProxy */;
		};
		001C6F982CAFBC6C00B03767 /* PBXTargetDependency */ = {
			isa = PBXTargetDependency;
			target = 001C6F792CAFBC6900B03767 /* hearo */;
			targetProxy = 001C6F972CAFBC6C00B03767 /* PBXContainerItemProxy */;
		};
/* End PBXTargetDependency section */

/* Begin XCBuildConfiguration section */
		001C6F9E2CAFBC6C00B03767 /* Debug */ = {
			isa = XCBuildConfiguration;
			buildSettings = {
				ALWAYS_SEARCH_USER_PATHS = NO;
				ASSETCATALOG_COMPILER_GENERATE_SWIFT_ASSET_SYMBOL_EXTENSIONS = YES;
				CLANG_ANALYZER_NONNULL = YES;
				CLANG_ANALYZER_NUMBER_OBJECT_CONVERSION = YES_AGGRESSIVE;
				CLANG_CXX_LANGUAGE_STANDARD = "gnu++20";
				CLANG_ENABLE_MODULES = YES;
				CLANG_ENABLE_OBJC_ARC = YES;
				CLANG_ENABLE_OBJC_WEAK = YES;
				CLANG_WARN_BLOCK_CAPTURE_AUTORELEASING = YES;
				CLANG_WARN_BOOL_CONVERSION = YES;
				CLANG_WARN_COMMA = YES;
				CLANG_WARN_CONSTANT_CONVERSION = YES;
				CLANG_WARN_DEPRECATED_OBJC_IMPLEMENTATIONS = YES;
				CLANG_WARN_DIRECT_OBJC_ISA_USAGE = YES_ERROR;
				CLANG_WARN_DOCUMENTATION_COMMENTS = YES;
				CLANG_WARN_EMPTY_BODY = YES;
				CLANG_WARN_ENUM_CONVERSION = YES;
				CLANG_WARN_INFINITE_RECURSION = YES;
				CLANG_WARN_INT_CONVERSION = YES;
				CLANG_WARN_NON_LITERAL_NULL_CONVERSION = YES;
				CLANG_WARN_OBJC_IMPLICIT_RETAIN_SELF = YES;
				CLANG_WARN_OBJC_LITERAL_CONVERSION = YES;
				CLANG_WARN_OBJC_ROOT_CLASS = YES_ERROR;
				CLANG_WARN_QUOTED_INCLUDE_IN_FRAMEWORK_HEADER = YES;
				CLANG_WARN_RANGE_LOOP_ANALYSIS = YES;
				CLANG_WARN_STRICT_PROTOTYPES = YES;
				CLANG_WARN_SUSPICIOUS_MOVE = YES;
				CLANG_WARN_UNGUARDED_AVAILABILITY = YES_AGGRESSIVE;
				CLANG_WARN_UNREACHABLE_CODE = YES;
				CLANG_WARN__DUPLICATE_METHOD_MATCH = YES;
				COPY_PHASE_STRIP = NO;
				DEBUG_INFORMATION_FORMAT = dwarf;
				ENABLE_STRICT_OBJC_MSGSEND = YES;
				ENABLE_TESTABILITY = YES;
				ENABLE_USER_SCRIPT_SANDBOXING = YES;
				GCC_C_LANGUAGE_STANDARD = gnu17;
				GCC_DYNAMIC_NO_PIC = NO;
				GCC_NO_COMMON_BLOCKS = YES;
				GCC_OPTIMIZATION_LEVEL = 0;
				GCC_PREPROCESSOR_DEFINITIONS = (
					"DEBUG=1",
					"$(inherited)",
				);
				GCC_WARN_64_TO_32_BIT_CONVERSION = YES;
				GCC_WARN_ABOUT_RETURN_TYPE = YES_ERROR;
				GCC_WARN_UNDECLARED_SELECTOR = YES;
				GCC_WARN_UNINITIALIZED_AUTOS = YES_AGGRESSIVE;
				GCC_WARN_UNUSED_FUNCTION = YES;
				GCC_WARN_UNUSED_VARIABLE = YES;
				IPHONEOS_DEPLOYMENT_TARGET = 17.5;
				LOCALIZATION_PREFERS_STRING_CATALOGS = YES;
				MTL_ENABLE_DEBUG_INFO = INCLUDE_SOURCE;
				MTL_FAST_MATH = YES;
				ONLY_ACTIVE_ARCH = YES;
				SDKROOT = iphoneos;
				SWIFT_ACTIVE_COMPILATION_CONDITIONS = "DEBUG $(inherited)";
				SWIFT_OPTIMIZATION_LEVEL = "-Onone";
			};
			name = Debug;
		};
		001C6F9F2CAFBC6C00B03767 /* Release */ = {
			isa = XCBuildConfiguration;
			buildSettings = {
				ALWAYS_SEARCH_USER_PATHS = NO;
				ASSETCATALOG_COMPILER_GENERATE_SWIFT_ASSET_SYMBOL_EXTENSIONS = YES;
				CLANG_ANALYZER_NONNULL = YES;
				CLANG_ANALYZER_NUMBER_OBJECT_CONVERSION = YES_AGGRESSIVE;
				CLANG_CXX_LANGUAGE_STANDARD = "gnu++20";
				CLANG_ENABLE_MODULES = YES;
				CLANG_ENABLE_OBJC_ARC = YES;
				CLANG_ENABLE_OBJC_WEAK = YES;
				CLANG_WARN_BLOCK_CAPTURE_AUTORELEASING = YES;
				CLANG_WARN_BOOL_CONVERSION = YES;
				CLANG_WARN_COMMA = YES;
				CLANG_WARN_CONSTANT_CONVERSION = YES;
				CLANG_WARN_DEPRECATED_OBJC_IMPLEMENTATIONS = YES;
				CLANG_WARN_DIRECT_OBJC_ISA_USAGE = YES_ERROR;
				CLANG_WARN_DOCUMENTATION_COMMENTS = YES;
				CLANG_WARN_EMPTY_BODY = YES;
				CLANG_WARN_ENUM_CONVERSION = YES;
				CLANG_WARN_INFINITE_RECURSION = YES;
				CLANG_WARN_INT_CONVERSION = YES;
				CLANG_WARN_NON_LITERAL_NULL_CONVERSION = YES;
				CLANG_WARN_OBJC_IMPLICIT_RETAIN_SELF = YES;
				CLANG_WARN_OBJC_LITERAL_CONVERSION = YES;
				CLANG_WARN_OBJC_ROOT_CLASS = YES_ERROR;
				CLANG_WARN_QUOTED_INCLUDE_IN_FRAMEWORK_HEADER = YES;
				CLANG_WARN_RANGE_LOOP_ANALYSIS = YES;
				CLANG_WARN_STRICT_PROTOTYPES = YES;
				CLANG_WARN_SUSPICIOUS_MOVE = YES;
				CLANG_WARN_UNGUARDED_AVAILABILITY = YES_AGGRESSIVE;
				CLANG_WARN_UNREACHABLE_CODE = YES;
				CLANG_WARN__DUPLICATE_METHOD_MATCH = YES;
				COPY_PHASE_STRIP = NO;
				DEBUG_INFORMATION_FORMAT = "dwarf-with-dsym";
				ENABLE_NS_ASSERTIONS = NO;
				ENABLE_STRICT_OBJC_MSGSEND = YES;
				ENABLE_USER_SCRIPT_SANDBOXING = YES;
				GCC_C_LANGUAGE_STANDARD = gnu17;
				GCC_NO_COMMON_BLOCKS = YES;
				GCC_WARN_64_TO_32_BIT_CONVERSION = YES;
				GCC_WARN_ABOUT_RETURN_TYPE = YES_ERROR;
				GCC_WARN_UNDECLARED_SELECTOR = YES;
				GCC_WARN_UNINITIALIZED_AUTOS = YES_AGGRESSIVE;
				GCC_WARN_UNUSED_FUNCTION = YES;
				GCC_WARN_UNUSED_VARIABLE = YES;
				IPHONEOS_DEPLOYMENT_TARGET = 17.5;
				LOCALIZATION_PREFERS_STRING_CATALOGS = YES;
				MTL_ENABLE_DEBUG_INFO = NO;
				MTL_FAST_MATH = YES;
				SDKROOT = iphoneos;
				SWIFT_COMPILATION_MODE = wholemodule;
				VALIDATE_PRODUCT = YES;
			};
			name = Release;
		};
		001C6FA12CAFBC6C00B03767 /* Debug */ = {
			isa = XCBuildConfiguration;
			buildSettings = {
				ASSETCATALOG_COMPILER_APPICON_NAME = AppIcon;
				ASSETCATALOG_COMPILER_GLOBAL_ACCENT_COLOR_NAME = AccentColor;
				CODE_SIGN_STYLE = Automatic;
				CURRENT_PROJECT_VERSION = 1;
				DEVELOPMENT_ASSET_PATHS = "\"hearo/Preview Content\"";
				DEVELOPMENT_TEAM = J5N8Y9F8Z8;
				ENABLE_PREVIEWS = YES;
				GENERATE_INFOPLIST_FILE = YES;
				INFOPLIST_FILE = hearo/Info.plist;
				INFOPLIST_KEY_UIApplicationSceneManifest_Generation = YES;
				INFOPLIST_KEY_UIApplicationSupportsIndirectInputEvents = YES;
				INFOPLIST_KEY_UILaunchScreen_Generation = YES;
				INFOPLIST_KEY_UISupportedInterfaceOrientations_iPad = "UIInterfaceOrientationPortrait UIInterfaceOrientationPortraitUpsideDown UIInterfaceOrientationLandscapeLeft UIInterfaceOrientationLandscapeRight";
				INFOPLIST_KEY_UISupportedInterfaceOrientations_iPhone = "UIInterfaceOrientationPortrait UIInterfaceOrientationLandscapeLeft UIInterfaceOrientationLandscapeRight";
				LD_RUNPATH_SEARCH_PATHS = (
					"$(inherited)",
					"@executable_path/Frameworks",
				);
				MARKETING_VERSION = 1.0;
				PRODUCT_BUNDLE_IDENTIFIER = pilgaaang.hearo;
				PRODUCT_NAME = "$(TARGET_NAME)";
				SWIFT_EMIT_LOC_STRINGS = YES;
				SWIFT_VERSION = 5.0;
				TARGETED_DEVICE_FAMILY = "1,2";
			};
			name = Debug;
		};
		001C6FA22CAFBC6C00B03767 /* Release */ = {
			isa = XCBuildConfiguration;
			buildSettings = {
				ASSETCATALOG_COMPILER_APPICON_NAME = AppIcon;
				ASSETCATALOG_COMPILER_GLOBAL_ACCENT_COLOR_NAME = AccentColor;
				CODE_SIGN_STYLE = Automatic;
				CURRENT_PROJECT_VERSION = 1;
				DEVELOPMENT_ASSET_PATHS = "\"hearo/Preview Content\"";
				DEVELOPMENT_TEAM = J5N8Y9F8Z8;
				ENABLE_PREVIEWS = YES;
				GENERATE_INFOPLIST_FILE = YES;
				INFOPLIST_FILE = hearo/Info.plist;
				INFOPLIST_KEY_UIApplicationSceneManifest_Generation = YES;
				INFOPLIST_KEY_UIApplicationSupportsIndirectInputEvents = YES;
				INFOPLIST_KEY_UILaunchScreen_Generation = YES;
				INFOPLIST_KEY_UISupportedInterfaceOrientations_iPad = "UIInterfaceOrientationPortrait UIInterfaceOrientationPortraitUpsideDown UIInterfaceOrientationLandscapeLeft UIInterfaceOrientationLandscapeRight";
				INFOPLIST_KEY_UISupportedInterfaceOrientations_iPhone = "UIInterfaceOrientationPortrait UIInterfaceOrientationLandscapeLeft UIInterfaceOrientationLandscapeRight";
				LD_RUNPATH_SEARCH_PATHS = (
					"$(inherited)",
					"@executable_path/Frameworks",
				);
				MARKETING_VERSION = 1.0;
				PRODUCT_BUNDLE_IDENTIFIER = pilgaaang.hearo;
				PRODUCT_NAME = "$(TARGET_NAME)";
				SWIFT_EMIT_LOC_STRINGS = YES;
				SWIFT_VERSION = 5.0;
				TARGETED_DEVICE_FAMILY = "1,2";
			};
			name = Release;
		};
		001C6FA42CAFBC6C00B03767 /* Debug */ = {
			isa = XCBuildConfiguration;
			buildSettings = {
				ALWAYS_EMBED_SWIFT_STANDARD_LIBRARIES = YES;
				BUNDLE_LOADER = "$(TEST_HOST)";
				CODE_SIGN_STYLE = Automatic;
				CURRENT_PROJECT_VERSION = 1;
				DEVELOPMENT_TEAM = J5N8Y9F8Z8;
				GENERATE_INFOPLIST_FILE = YES;
				IPHONEOS_DEPLOYMENT_TARGET = 17.5;
				MARKETING_VERSION = 1.0;
				PRODUCT_BUNDLE_IDENTIFIER = pilgaaang.hearoTests;
				PRODUCT_NAME = "$(TARGET_NAME)";
				SWIFT_EMIT_LOC_STRINGS = NO;
				SWIFT_VERSION = 5.0;
				TARGETED_DEVICE_FAMILY = "1,2";
				TEST_HOST = "$(BUILT_PRODUCTS_DIR)/hearo.app/$(BUNDLE_EXECUTABLE_FOLDER_PATH)/hearo";
			};
			name = Debug;
		};
		001C6FA52CAFBC6C00B03767 /* Release */ = {
			isa = XCBuildConfiguration;
			buildSettings = {
				ALWAYS_EMBED_SWIFT_STANDARD_LIBRARIES = YES;
				BUNDLE_LOADER = "$(TEST_HOST)";
				CODE_SIGN_STYLE = Automatic;
				CURRENT_PROJECT_VERSION = 1;
				DEVELOPMENT_TEAM = J5N8Y9F8Z8;
				GENERATE_INFOPLIST_FILE = YES;
				IPHONEOS_DEPLOYMENT_TARGET = 17.5;
				MARKETING_VERSION = 1.0;
				PRODUCT_BUNDLE_IDENTIFIER = pilgaaang.hearoTests;
				PRODUCT_NAME = "$(TARGET_NAME)";
				SWIFT_EMIT_LOC_STRINGS = NO;
				SWIFT_VERSION = 5.0;
				TARGETED_DEVICE_FAMILY = "1,2";
				TEST_HOST = "$(BUILT_PRODUCTS_DIR)/hearo.app/$(BUNDLE_EXECUTABLE_FOLDER_PATH)/hearo";
			};
			name = Release;
		};
		001C6FA72CAFBC6C00B03767 /* Debug */ = {
			isa = XCBuildConfiguration;
			buildSettings = {
				ALWAYS_EMBED_SWIFT_STANDARD_LIBRARIES = YES;
				CODE_SIGN_STYLE = Automatic;
				CURRENT_PROJECT_VERSION = 1;
				DEVELOPMENT_TEAM = J5N8Y9F8Z8;
				GENERATE_INFOPLIST_FILE = YES;
				MARKETING_VERSION = 1.0;
				PRODUCT_BUNDLE_IDENTIFIER = pilgaaang.hearoUITests;
				PRODUCT_NAME = "$(TARGET_NAME)";
				SWIFT_EMIT_LOC_STRINGS = NO;
				SWIFT_VERSION = 5.0;
				TARGETED_DEVICE_FAMILY = "1,2";
				TEST_TARGET_NAME = hearo;
			};
			name = Debug;
		};
		001C6FA82CAFBC6C00B03767 /* Release */ = {
			isa = XCBuildConfiguration;
			buildSettings = {
				ALWAYS_EMBED_SWIFT_STANDARD_LIBRARIES = YES;
				CODE_SIGN_STYLE = Automatic;
				CURRENT_PROJECT_VERSION = 1;
				DEVELOPMENT_TEAM = J5N8Y9F8Z8;
				GENERATE_INFOPLIST_FILE = YES;
				MARKETING_VERSION = 1.0;
				PRODUCT_BUNDLE_IDENTIFIER = pilgaaang.hearoUITests;
				PRODUCT_NAME = "$(TARGET_NAME)";
				SWIFT_EMIT_LOC_STRINGS = NO;
				SWIFT_VERSION = 5.0;
				TARGETED_DEVICE_FAMILY = "1,2";
				TEST_TARGET_NAME = hearo;
			};
			name = Release;
		};
/* End XCBuildConfiguration section */

/* Begin XCConfigurationList section */
		001C6F752CAFBC6900B03767 /* Build configuration list for PBXProject "hearo" */ = {
			isa = XCConfigurationList;
			buildConfigurations = (
				001C6F9E2CAFBC6C00B03767 /* Debug */,
				001C6F9F2CAFBC6C00B03767 /* Release */,
			);
			defaultConfigurationIsVisible = 0;
			defaultConfigurationName = Release;
		};
		001C6FA02CAFBC6C00B03767 /* Build configuration list for PBXNativeTarget "hearo" */ = {
			isa = XCConfigurationList;
			buildConfigurations = (
				001C6FA12CAFBC6C00B03767 /* Debug */,
				001C6FA22CAFBC6C00B03767 /* Release */,
			);
			defaultConfigurationIsVisible = 0;
			defaultConfigurationName = Release;
		};
		001C6FA32CAFBC6C00B03767 /* Build configuration list for PBXNativeTarget "hearoTests" */ = {
			isa = XCConfigurationList;
			buildConfigurations = (
				001C6FA42CAFBC6C00B03767 /* Debug */,
				001C6FA52CAFBC6C00B03767 /* Release */,
			);
			defaultConfigurationIsVisible = 0;
			defaultConfigurationName = Release;
		};
		001C6FA62CAFBC6C00B03767 /* Build configuration list for PBXNativeTarget "hearoUITests" */ = {
			isa = XCConfigurationList;
			buildConfigurations = (
				001C6FA72CAFBC6C00B03767 /* Debug */,
				001C6FA82CAFBC6C00B03767 /* Release */,
			);
			defaultConfigurationIsVisible = 0;
			defaultConfigurationName = Release;
		};
/* End XCConfigurationList section */
	};
	rootObject = 001C6F722CAFBC6900B03767 /* Project object */;
}
